{
  "object": {
    "pins": [
      {
        "package": "Alamofire",
        "repositoryURL": "https://github.com/Alamofire/Alamofire.git",
        "state": {
          "branch": null,
          "revision": "354dda32d89fc8cd4f5c46487f64957d355f53d8",
          "version": "5.6.1"
        }
      },
      {
        "package": "Kingfisher",
        "repositoryURL": "https://github.com/onevcat/Kingfisher.git",
        "state": {
          "branch": null,
          "revision": "1a7b5480eb750a8e171654b9b1cb0a2cbeb27a55",
          "version": "7.2.1"
        }
      },
      {
        "package": "Moya",
        "repositoryURL": "https://github.com/Moya/Moya.git",
        "state": {
          "branch": "master",
          "revision": "42b4da6cf00ce35874f2aebebefb9564c2fdb799",
          "version": null
        }
      },
      {
        "package": "Pageboy",
        "repositoryURL": "https://github.com/uias/Pageboy",
        "state": {
          "branch": null,
          "revision": "34ecb6e7c4e0e07494960ab2f7cc9a02293915a6",
          "version": "3.6.2"
        }
      },
      {
        "package": "ReactiveSwift",
        "repositoryURL": "https://github.com/ReactiveCocoa/ReactiveSwift.git",
        "state": {
          "branch": null,
          "revision": "c43bae3dac73fdd3cb906bd5a1914686ca71ed3c",
          "version": "6.7.0"
        }
      },
      {
        "package": "RealmDatabase",
        "repositoryURL": "https://github.com/realm/realm-core",
        "state": {
          "branch": null,
          "revision": "33dd84212b64cd0788590a93be0dde64d2869abb",
          "version": "11.14.0"
        }
      },
      {
        "package": "Realm",
        "repositoryURL": "https://github.com/realm/realm-swift.git",
        "state": {
          "branch": "master",
          "revision": "7d7271481b293ebc39798d29ef1fee8aac20b708",
          "version": null
        }
      },
      {
        "package": "RxDataSources",
        "repositoryURL": "https://github.com/RxSwiftCommunity/RxDataSources.git",
        "state": {
          "branch": null,
          "revision": "90c29b48b628479097fe775ed1966d75ac374518",
          "version": "5.0.2"
        }
      },
      {
        "package": "RxSwift",
        "repositoryURL": "https://github.com/ReactiveX/RxSwift.git",
        "state": {
          "branch": null,
          "revision": "b4307ba0b6425c0ba4178e138799946c3da594f8",
          "version": "6.5.0"
        }
      },
      {
        "package": "SnapKit",
        "repositoryURL": "https://github.com/SnapKit/SnapKit.git",
        "state": {
          "branch": null,
          "revision": "f222cbdf325885926566172f6f5f06af95473158",
          "version": "5.6.0"
        }
      },
      {
        "package": "Tabman",
        "repositoryURL": "https://github.com/uias/Tabman.git",
        "state": {
          "branch": null,
          "revision": "a9f10cb862a32e6a22549836af013abd6b0692d3",
          "version": "2.12.0"
        }
      },
      {
        "package": "Toast",
        "repositoryURL": "https://github.com/scalessec/Toast-Swift.git",
        "state": {
          "branch": null,
          "revision": "0c9493eeacb102cc614da385cfaaf475379f4ab4",
          "version": "5.0.1"
        }
      }
    ]
  },
  "version": 1
}
